
Microsoft Visual Studio Solution File, Format Version 12.00
# Visual Studio Version 17
VisualStudioVersion = 17.13.35919.96
MinimumVisualStudioVersion = 10.0.40219.1
Project("{FAE04EC0-301F-11D3-BF4B-00C04F79EFBC}") = "TrustGateAPI", "TrustGateAPI\TrustGateAPI.csproj", "{509ECB0A-F891-4D80-9D98-9B390D0A62CE}"
EndProject
Project("{FAE04EC0-301F-11D3-BF4B-00C04F79EFBC}") = "TrustGateSqLiteService", "TrustGateSqLiteService\TrustGateSqLiteService.csproj", "{3D1B29AA-4A73-42EC-A3B3-1547A591DE56}"
EndProject
Project("{FAE04EC0-301F-11D3-BF4B-00C04F79EFBC}") = "TrustGateCore", "TrustGateCore\TrustGateCore.csproj", "{8B4BCC6C-6ED7-4D65-8E73-E4515BAA960A}"
EndProject
Project("{FAE04EC0-301F-11D3-BF4B-00C04F79EFBC}") = "TrustGateTests", "TrustGateTests\TrustGateTests.csproj", "{B054E9E2-EA87-48A0-A249-97BD16B51458}"
EndProject
Global
	GlobalSection(SolutionConfigurationPlatforms) = preSolution
		Debug|Any CPU = Debug|Any CPU
		Release|Any CPU = Release|Any CPU
	EndGlobalSection
	GlobalSection(ProjectConfigurationPlatforms) = postSolution
		{509ECB0A-F891-4D80-9D98-9B390D0A62CE}.Debug|Any CPU.ActiveCfg = Debug|Any CPU
		{509ECB0A-F891-4D80-9D98-9B390D0A62CE}.Debug|Any CPU.Build.0 = Debug|Any CPU
		{509ECB0A-F891-4D80-9D98-9B390D0A62CE}.Release|Any CPU.ActiveCfg = Release|Any CPU
		{509ECB0A-F891-4D80-9D98-9B390D0A62CE}.Release|Any CPU.Build.0 = Release|Any CPU
		{3D1B29AA-4A73-42EC-A3B3-1547A591DE56}.Debug|Any CPU.ActiveCfg = Debug|Any CPU
		{3D1B29AA-4A73-42EC-A3B3-1547A591DE56}.Debug|Any CPU.Build.0 = Debug|Any CPU
		{3D1B29AA-4A73-42EC-A3B3-1547A591DE56}.Release|Any CPU.ActiveCfg = Release|Any CPU
		{3D1B29AA-4A73-42EC-A3B3-1547A591DE56}.Release|Any CPU.Build.0 = Release|Any CPU
		{8B4BCC6C-6ED7-4D65-8E73-E4515BAA960A}.Debug|Any CPU.ActiveCfg = Debug|Any CPU
		{8B4BCC6C-6ED7-4D65-8E73-E4515BAA960A}.Debug|Any CPU.Build.0 = Debug|Any CPU
		{8B4BCC6C-6ED7-4D65-8E73-E4515BAA960A}.Release|Any CPU.ActiveCfg = Release|Any CPU
		{8B4BCC6C-6ED7-4D65-8E73-E4515BAA960A}.Release|Any CPU.Build.0 = Release|Any CPU
		{B054E9E2-EA87-48A0-A249-97BD16B51458}.Debug|Any CPU.ActiveCfg = Debug|Any CPU
		{B054E9E2-EA87-48A0-A249-97BD16B51458}.Debug|Any CPU.Build.0 = Debug|Any CPU
		{B054E9E2-EA87-48A0-A249-97BD16B51458}.Release|Any CPU.ActiveCfg = Release|Any CPU
		{B054E9E2-EA87-48A0-A249-97BD16B51458}.Release|Any CPU.Build.0 = Release|Any CPU
	EndGlobalSection
	GlobalSection(SolutionProperties) = preSolution
		HideSolutionNode = FALSE
	EndGlobalSection
	GlobalSection(ExtensibilityGlobals) = postSolution
		SolutionGuid = {1E737B97-CC52-4572-972A-71917742F4D6}
	EndGlobalSection
EndGlobal
